
Microsoft Visual Studio Solution File, Format Version 12.00
# Visual Studio Version 16
VisualStudioVersion = 16.0.31624.102
MinimumVisualStudioVersion = 10.0.40219.1
Project("{FAE04EC0-301F-11D3-BF4B-00C04F79EFBC}") = "coursework", "coursework.csproj", "{995CC225-27EE-43D3-A8E3-3381A859ECD3}"
EndProject
Global
	GlobalSection(SolutionConfigurationPlatforms) = preSolution
		Debug|Any CPU = Debug|Any CPU
		Release|Any CPU = Release|Any CPU
	EndGlobalSection
	GlobalSection(ProjectConfigurationPlatforms) = postSolution
		{995CC225-27EE-43D3-A8E3-3381A859ECD3}.Debug|Any CPU.ActiveCfg = Debug|Any CPU
		{995CC225-27EE-43D3-A8E3-3381A859ECD3}.Debug|Any CPU.Build.0 = Debug|Any CPU
		{995CC225-27EE-43D3-A8E3-3381A859ECD3}.Release|Any CPU.ActiveCfg = Release|Any CPU
		{995CC225-27EE-43D3-A8E3-3381A859ECD3}.Release|Any CPU.Build.0 = Release|Any CPU
	EndGlobalSection
	GlobalSection(SolutionProperties) = preSolution
		HideSolutionNode = FALSE
	EndGlobalSection
	GlobalSection(ExtensibilityGlobals) = postSolution
		SolutionGuid = {F3C79F43-7F13-4FB3-8F18-81B43E6822E1}
	EndGlobalSection
EndGlobal
